
Microsoft Visual Studio Solution File, Format Version 12.00
# Visual Studio Version 17
VisualStudioVersion = 17.0.32112.339
MinimumVisualStudioVersion = 10.0.40219.1
Project("{FAE04EC0-301F-11D3-BF4B-00C04F79EFBC}") = "RevitAPITraining_lab8.2", "RevitAPITraining_lab8.2\RevitAPITraining_lab8.2.csproj", "{B49D56E3-5FAC-40D4-A730-9CE8C6E76E40}"
EndProject
Global
	GlobalSection(SolutionConfigurationPlatforms) = preSolution
		Debug|Any CPU = Debug|Any CPU
		Release|Any CPU = Release|Any CPU
	EndGlobalSection
	GlobalSection(ProjectConfigurationPlatforms) = postSolution
		{B49D56E3-5FAC-40D4-A730-9CE8C6E76E40}.Debug|Any CPU.ActiveCfg = Debug|Any CPU
		{B49D56E3-5FAC-40D4-A730-9CE8C6E76E40}.Debug|Any CPU.Build.0 = Debug|Any CPU
		{B49D56E3-5FAC-40D4-A730-9CE8C6E76E40}.Release|Any CPU.ActiveCfg = Release|Any CPU
		{B49D56E3-5FAC-40D4-A730-9CE8C6E76E40}.Release|Any CPU.Build.0 = Release|Any CPU
	EndGlobalSection
	GlobalSection(SolutionProperties) = preSolution
		HideSolutionNode = FALSE
	EndGlobalSection
	GlobalSection(ExtensibilityGlobals) = postSolution
		SolutionGuid = {8CCB4C0A-8A79-4C30-8E61-35831AC650B2}
	EndGlobalSection
EndGlobal
